PODS:
  - InAppSettingsKit (2.0.1)
  - SWRevealViewController (1.1.1)

DEPENDENCIES:
  - InAppSettingsKit (~> 2.0.1)
  - SWRevealViewController (~> 1.1)

SPEC CHECKSUMS:
  InAppSettingsKit: 5e42f626b9be9c33e3b04c0cc9523ca5eabe7ad3
  SWRevealViewController: de412df00a42c2f90fde7f300de05c29e0cb7bf3

COCOAPODS: 0.29.0
