// !$*UTF8*$!
{
	archiveVersion = 1;
	classes = {
	};
	objectVersion = 46;
	objects = {

/* Begin PBXBuildFile section */
		014642C618E777FC00BD4DEF /* NameIntervalViewController.m in Sources */ = {isa = PBXBuildFile; fileRef = 014642C518E777FC00BD4DEF /* NameIntervalViewController.m */; };
		01B6867118E7834000DBF156 /* CreateIntervalViewController.m in Sources */ = {isa = PBXBuildFile; fileRef = 01B6867018E7834000DBF156 /* CreateIntervalViewController.m */; };
		01B6867418E7836000DBF156 /* AddIntervalViewController.m in Sources */ = {isa = PBXBuildFile; fileRef = 01B6867318E7836000DBF156 /* AddIntervalViewController.m */; };
		01CCD9FE18E8DA1A009B841F /* LoadIntervalTableViewController.m in Sources */ = {isa = PBXBuildFile; fileRef = 01CCD9FD18E8DA1A009B841F /* LoadIntervalTableViewController.m */; };
		01DF5BBC18E76894007EFD2F /* History.m in Sources */ = {isa = PBXBuildFile; fileRef = 01DF5BB718E76894007EFD2F /* History.m */; };
		01DF5BBD18E76894007EFD2F /* Interval.m in Sources */ = {isa = PBXBuildFile; fileRef = 01DF5BB918E76894007EFD2F /* Interval.m */; };
		01DF5BBE18E76894007EFD2F /* Timer.m in Sources */ = {isa = PBXBuildFile; fileRef = 01DF5BBB18E76894007EFD2F /* Timer.m */; };
		01DF5BC118E769EF007EFD2F /* CommonLibrary.m in Sources */ = {isa = PBXBuildFile; fileRef = 01DF5BC018E769EF007EFD2F /* CommonLibrary.m */; };
		0707547818C2AF1A007174C2 /* LocationViewController.m in Sources */ = {isa = PBXBuildFile; fileRef = 0707547718C2AF1A007174C2 /* LocationViewController.m */; };
		0707547A18C30C88007174C2 /* fells_loop.gpx in Resources */ = {isa = PBXBuildFile; fileRef = 0707547918C30C88007174C2 /* fells_loop.gpx */; };
		0707547C18C3F3AD007174C2 /* MessageUI.framework in Frameworks */ = {isa = PBXBuildFile; fileRef = 0707547B18C3F3AD007174C2 /* MessageUI.framework */; };
		0707547E18C3FF93007174C2 /* Settings.bundle in Resources */ = {isa = PBXBuildFile; fileRef = 0707547D18C3FF93007174C2 /* Settings.bundle */; };
		071DA82B18C6E238001CDBA4 /* IntervalViewController.m in Sources */ = {isa = PBXBuildFile; fileRef = 071DA82A18C6E238001CDBA4 /* IntervalViewController.m */; };
		076844AC18E76C0100465489 /* RoutesDetailTableViewController.m in Sources */ = {isa = PBXBuildFile; fileRef = 076844AB18E76C0100465489 /* RoutesDetailTableViewController.m */; };
		0778DC6218E7827500E8B2F9 /* GPX.framework in Frameworks */ = {isa = PBXBuildFile; fileRef = 0778DC6118E7827500E8B2F9 /* GPX.framework */; };
		07C9F64818C19A350060BAE3 /* Route.m in Sources */ = {isa = PBXBuildFile; fileRef = 07C9F64718C19A350060BAE3 /* Route.m */; };
		07D89A6218C05BBD00AF9192 /* Foundation.framework in Frameworks */ = {isa = PBXBuildFile; fileRef = 07D89A6118C05BBD00AF9192 /* Foundation.framework */; };
		07D89A6418C05BBD00AF9192 /* CoreGraphics.framework in Frameworks */ = {isa = PBXBuildFile; fileRef = 07D89A6318C05BBD00AF9192 /* CoreGraphics.framework */; };
		07D89A6618C05BBD00AF9192 /* UIKit.framework in Frameworks */ = {isa = PBXBuildFile; fileRef = 07D89A6518C05BBD00AF9192 /* UIKit.framework */; };
		07D89A6C18C05BBD00AF9192 /* InfoPlist.strings in Resources */ = {isa = PBXBuildFile; fileRef = 07D89A6A18C05BBD00AF9192 /* InfoPlist.strings */; };
		07D89A6E18C05BBD00AF9192 /* main.m in Sources */ = {isa = PBXBuildFile; fileRef = 07D89A6D18C05BBD00AF9192 /* main.m */; };
		07D89A7D18C05BBD00AF9192 /* Images.xcassets in Resources */ = {isa = PBXBuildFile; fileRef = 07D89A7C18C05BBD00AF9192 /* Images.xcassets */; };
		07D89A8418C05BBD00AF9192 /* XCTest.framework in Frameworks */ = {isa = PBXBuildFile; fileRef = 07D89A8318C05BBD00AF9192 /* XCTest.framework */; };
		07D89A8518C05BBD00AF9192 /* Foundation.framework in Frameworks */ = {isa = PBXBuildFile; fileRef = 07D89A6118C05BBD00AF9192 /* Foundation.framework */; };
		07D89A8618C05BBD00AF9192 /* UIKit.framework in Frameworks */ = {isa = PBXBuildFile; fileRef = 07D89A6518C05BBD00AF9192 /* UIKit.framework */; };
		07D89A8E18C05BBD00AF9192 /* InfoPlist.strings in Resources */ = {isa = PBXBuildFile; fileRef = 07D89A8C18C05BBD00AF9192 /* InfoPlist.strings */; };
		07D89A9018C05BBD00AF9192 /* BikeAssistantTests.m in Sources */ = {isa = PBXBuildFile; fileRef = 07D89A8F18C05BBD00AF9192 /* BikeAssistantTests.m */; };
		07D89AA418C05E0800AF9192 /* AppDelegate.m in Sources */ = {isa = PBXBuildFile; fileRef = 07D89A9A18C05E0800AF9192 /* AppDelegate.m */; };
		07D89AA518C05E0800AF9192 /* MainStoryboard.storyboard in Resources */ = {isa = PBXBuildFile; fileRef = 07D89A9B18C05E0800AF9192 /* MainStoryboard.storyboard */; };
		07D89AA618C05E0800AF9192 /* MainViewController.m in Sources */ = {isa = PBXBuildFile; fileRef = 07D89A9D18C05E0800AF9192 /* MainViewController.m */; };
		07D89AA718C05E0800AF9192 /* SidebarViewController.m in Sources */ = {isa = PBXBuildFile; fileRef = 07D89A9F18C05E0800AF9192 /* SidebarViewController.m */; };
		07E8668018C4EE6800EA309B /* CLLocationViewController.m in Sources */ = {isa = PBXBuildFile; fileRef = 07E8667F18C4EE6800EA309B /* CLLocationViewController.m */; };
		07E8668318C4EE7100EA309B /* MetricsViewController.m in Sources */ = {isa = PBXBuildFile; fileRef = 07E8668218C4EE7100EA309B /* MetricsViewController.m */; };
		07E8668518C4F60700EA309B /* Auburn__Alabama.gpx in Resources */ = {isa = PBXBuildFile; fileRef = 07E8668418C4F60700EA309B /* Auburn__Alabama.gpx */; };
		07F4839718C067B2004ED369 /* menu.png in Resources */ = {isa = PBXBuildFile; fileRef = 07F4839518C067B2004ED369 /* menu.png */; };
		07F4839818C067B2004ED369 /* menu@2x.png in Resources */ = {isa = PBXBuildFile; fileRef = 07F4839618C067B2004ED369 /* menu@2x.png */; };
		07F4839A18C067E3004ED369 /* MapKit.framework in Frameworks */ = {isa = PBXBuildFile; fileRef = 07F4839918C067E3004ED369 /* MapKit.framework */; };
		07F4839C18C067EA004ED369 /* CoreLocation.framework in Frameworks */ = {isa = PBXBuildFile; fileRef = 07F4839B18C067EA004ED369 /* CoreLocation.framework */; };
		07FD5E6318C0F9FA008D6EEB /* RoutesViewController.m in Sources */ = {isa = PBXBuildFile; fileRef = 07FD5E6218C0F9FA008D6EEB /* RoutesViewController.m */; };
		CEA4315328DF4AD2880F5AA5 /* libPods.a in Frameworks */ = {isa = PBXBuildFile; fileRef = 3A950A30C6324FE6923C0893 /* libPods.a */; };
/* End PBXBuildFile section */

/* Begin PBXContainerItemProxy section */
		07D89A8718C05BBD00AF9192 /* PBXContainerItemProxy */ = {
			isa = PBXContainerItemProxy;
			containerPortal = 07D89A5618C05BBD00AF9192 /* Project object */;
			proxyType = 1;
			remoteGlobalIDString = 07D89A5D18C05BBD00AF9192;
			remoteInfo = BikeAssistant;
		};
/* End PBXContainerItemProxy section */

/* Begin PBXFileReference section */
		014642C418E777FC00BD4DEF /* NameIntervalViewController.h */ = {isa = PBXFileReference; fileEncoding = 4; lastKnownFileType = sourcecode.c.h; path = NameIntervalViewController.h; sourceTree = "<group>"; };
		014642C518E777FC00BD4DEF /* NameIntervalViewController.m */ = {isa = PBXFileReference; fileEncoding = 4; lastKnownFileType = sourcecode.c.objc; path = NameIntervalViewController.m; sourceTree = "<group>"; };
		01B6866F18E7834000DBF156 /* CreateIntervalViewController.h */ = {isa = PBXFileReference; fileEncoding = 4; lastKnownFileType = sourcecode.c.h; path = CreateIntervalViewController.h; sourceTree = "<group>"; };
		01B6867018E7834000DBF156 /* CreateIntervalViewController.m */ = {isa = PBXFileReference; fileEncoding = 4; lastKnownFileType = sourcecode.c.objc; path = CreateIntervalViewController.m; sourceTree = "<group>"; };
		01B6867218E7836000DBF156 /* AddIntervalViewController.h */ = {isa = PBXFileReference; fileEncoding = 4; lastKnownFileType = sourcecode.c.h; path = AddIntervalViewController.h; sourceTree = "<group>"; };
		01B6867318E7836000DBF156 /* AddIntervalViewController.m */ = {isa = PBXFileReference; fileEncoding = 4; lastKnownFileType = sourcecode.c.objc; path = AddIntervalViewController.m; sourceTree = "<group>"; };
		01CCD9FC18E8DA1A009B841F /* LoadIntervalTableViewController.h */ = {isa = PBXFileReference; fileEncoding = 4; lastKnownFileType = sourcecode.c.h; path = LoadIntervalTableViewController.h; sourceTree = "<group>"; };
		01CCD9FD18E8DA1A009B841F /* LoadIntervalTableViewController.m */ = {isa = PBXFileReference; fileEncoding = 4; lastKnownFileType = sourcecode.c.objc; path = LoadIntervalTableViewController.m; sourceTree = "<group>"; };
		01DF5BB618E76894007EFD2F /* History.h */ = {isa = PBXFileReference; fileEncoding = 4; lastKnownFileType = sourcecode.c.h; path = History.h; sourceTree = "<group>"; };
		01DF5BB718E76894007EFD2F /* History.m */ = {isa = PBXFileReference; fileEncoding = 4; lastKnownFileType = sourcecode.c.objc; path = History.m; sourceTree = "<group>"; };
		01DF5BB818E76894007EFD2F /* Interval.h */ = {isa = PBXFileReference; fileEncoding = 4; lastKnownFileType = sourcecode.c.h; path = Interval.h; sourceTree = "<group>"; };
		01DF5BB918E76894007EFD2F /* Interval.m */ = {isa = PBXFileReference; fileEncoding = 4; lastKnownFileType = sourcecode.c.objc; path = Interval.m; sourceTree = "<group>"; };
		01DF5BBA18E76894007EFD2F /* Timer.h */ = {isa = PBXFileReference; fileEncoding = 4; lastKnownFileType = sourcecode.c.h; path = Timer.h; sourceTree = "<group>"; };
		01DF5BBB18E76894007EFD2F /* Timer.m */ = {isa = PBXFileReference; fileEncoding = 4; lastKnownFileType = sourcecode.c.objc; path = Timer.m; sourceTree = "<group>"; };
		01DF5BBF18E769EF007EFD2F /* CommonLibrary.h */ = {isa = PBXFileReference; fileEncoding = 4; lastKnownFileType = sourcecode.c.h; path = CommonLibrary.h; sourceTree = "<group>"; };
		01DF5BC018E769EF007EFD2F /* CommonLibrary.m */ = {isa = PBXFileReference; fileEncoding = 4; lastKnownFileType = sourcecode.c.objc; path = CommonLibrary.m; sourceTree = "<group>"; };
		0707547618C2AF1A007174C2 /* LocationViewController.h */ = {isa = PBXFileReference; fileEncoding = 4; lastKnownFileType = sourcecode.c.h; path = LocationViewController.h; sourceTree = "<group>"; };
		0707547718C2AF1A007174C2 /* LocationViewController.m */ = {isa = PBXFileReference; fileEncoding = 4; lastKnownFileType = sourcecode.c.objc; path = LocationViewController.m; sourceTree = "<group>"; };
		0707547918C30C88007174C2 /* fells_loop.gpx */ = {isa = PBXFileReference; fileEncoding = 4; lastKnownFileType = text.xml; path = fells_loop.gpx; sourceTree = "<group>"; };
		0707547B18C3F3AD007174C2 /* MessageUI.framework */ = {isa = PBXFileReference; lastKnownFileType = wrapper.framework; name = MessageUI.framework; path = System/Library/Frameworks/MessageUI.framework; sourceTree = SDKROOT; };
		0707547D18C3FF93007174C2 /* Settings.bundle */ = {isa = PBXFileReference; lastKnownFileType = "wrapper.plug-in"; path = Settings.bundle; sourceTree = "<group>"; };
		071DA82918C6E238001CDBA4 /* IntervalViewController.h */ = {isa = PBXFileReference; fileEncoding = 4; lastKnownFileType = sourcecode.c.h; path = IntervalViewController.h; sourceTree = "<group>"; };
		071DA82A18C6E238001CDBA4 /* IntervalViewController.m */ = {isa = PBXFileReference; fileEncoding = 4; lastKnownFileType = sourcecode.c.objc; path = IntervalViewController.m; sourceTree = "<group>"; };
		076844AA18E76C0100465489 /* RoutesDetailTableViewController.h */ = {isa = PBXFileReference; fileEncoding = 4; lastKnownFileType = sourcecode.c.h; path = RoutesDetailTableViewController.h; sourceTree = "<group>"; };
		076844AB18E76C0100465489 /* RoutesDetailTableViewController.m */ = {isa = PBXFileReference; fileEncoding = 4; lastKnownFileType = sourcecode.c.objc; path = RoutesDetailTableViewController.m; sourceTree = "<group>"; };
		0778DC6118E7827500E8B2F9 /* GPX.framework */ = {isa = PBXFileReference; lastKnownFileType = wrapper.framework; path = GPX.framework; sourceTree = "<group>"; };
		07C9F64618C19A350060BAE3 /* Route.h */ = {isa = PBXFileReference; fileEncoding = 4; lastKnownFileType = sourcecode.c.h; path = Route.h; sourceTree = "<group>"; };
		07C9F64718C19A350060BAE3 /* Route.m */ = {isa = PBXFileReference; fileEncoding = 4; lastKnownFileType = sourcecode.c.objc; path = Route.m; sourceTree = "<group>"; };
		07D89A5E18C05BBD00AF9192 /* BikeAssistant.app */ = {isa = PBXFileReference; explicitFileType = wrapper.application; includeInIndex = 0; path = BikeAssistant.app; sourceTree = BUILT_PRODUCTS_DIR; };
		07D89A6118C05BBD00AF9192 /* Foundation.framework */ = {isa = PBXFileReference; lastKnownFileType = wrapper.framework; name = Foundation.framework; path = System/Library/Frameworks/Foundation.framework; sourceTree = SDKROOT; };
		07D89A6318C05BBD00AF9192 /* CoreGraphics.framework */ = {isa = PBXFileReference; lastKnownFileType = wrapper.framework; name = CoreGraphics.framework; path = System/Library/Frameworks/CoreGraphics.framework; sourceTree = SDKROOT; };
		07D89A6518C05BBD00AF9192 /* UIKit.framework */ = {isa = PBXFileReference; lastKnownFileType = wrapper.framework; name = UIKit.framework; path = System/Library/Frameworks/UIKit.framework; sourceTree = SDKROOT; };
		07D89A6918C05BBD00AF9192 /* BikeAssistant-Info.plist */ = {isa = PBXFileReference; lastKnownFileType = text.plist.xml; path = "BikeAssistant-Info.plist"; sourceTree = "<group>"; };
		07D89A6B18C05BBD00AF9192 /* en */ = {isa = PBXFileReference; lastKnownFileType = text.plist.strings; name = en; path = en.lproj/InfoPlist.strings; sourceTree = "<group>"; };
		07D89A6D18C05BBD00AF9192 /* main.m */ = {isa = PBXFileReference; lastKnownFileType = sourcecode.c.objc; path = main.m; sourceTree = "<group>"; };
		07D89A6F18C05BBD00AF9192 /* BikeAssistant-Prefix.pch */ = {isa = PBXFileReference; lastKnownFileType = sourcecode.c.h; path = "BikeAssistant-Prefix.pch"; sourceTree = "<group>"; };
		07D89A7C18C05BBD00AF9192 /* Images.xcassets */ = {isa = PBXFileReference; lastKnownFileType = folder.assetcatalog; path = Images.xcassets; sourceTree = "<group>"; };
		07D89A8218C05BBD00AF9192 /* BikeAssistantTests.xctest */ = {isa = PBXFileReference; explicitFileType = wrapper.cfbundle; includeInIndex = 0; path = BikeAssistantTests.xctest; sourceTree = BUILT_PRODUCTS_DIR; };
		07D89A8318C05BBD00AF9192 /* XCTest.framework */ = {isa = PBXFileReference; lastKnownFileType = wrapper.framework; name = XCTest.framework; path = Library/Frameworks/XCTest.framework; sourceTree = DEVELOPER_DIR; };
		07D89A8B18C05BBD00AF9192 /* BikeAssistantTests-Info.plist */ = {isa = PBXFileReference; lastKnownFileType = text.plist.xml; path = "BikeAssistantTests-Info.plist"; sourceTree = "<group>"; };
		07D89A8D18C05BBD00AF9192 /* en */ = {isa = PBXFileReference; lastKnownFileType = text.plist.strings; name = en; path = en.lproj/InfoPlist.strings; sourceTree = "<group>"; };
		07D89A8F18C05BBD00AF9192 /* BikeAssistantTests.m */ = {isa = PBXFileReference; lastKnownFileType = sourcecode.c.objc; path = BikeAssistantTests.m; sourceTree = "<group>"; };
		07D89A9918C05E0800AF9192 /* AppDelegate.h */ = {isa = PBXFileReference; fileEncoding = 4; lastKnownFileType = sourcecode.c.h; path = AppDelegate.h; sourceTree = "<group>"; };
		07D89A9A18C05E0800AF9192 /* AppDelegate.m */ = {isa = PBXFileReference; fileEncoding = 4; lastKnownFileType = sourcecode.c.objc; path = AppDelegate.m; sourceTree = "<group>"; };
		07D89A9B18C05E0800AF9192 /* MainStoryboard.storyboard */ = {isa = PBXFileReference; fileEncoding = 4; lastKnownFileType = file.storyboard; path = MainStoryboard.storyboard; sourceTree = "<group>"; };
		07D89A9C18C05E0800AF9192 /* MainViewController.h */ = {isa = PBXFileReference; fileEncoding = 4; lastKnownFileType = sourcecode.c.h; path = MainViewController.h; sourceTree = "<group>"; };
		07D89A9D18C05E0800AF9192 /* MainViewController.m */ = {isa = PBXFileReference; fileEncoding = 4; lastKnownFileType = sourcecode.c.objc; path = MainViewController.m; sourceTree = "<group>"; };
		07D89A9E18C05E0800AF9192 /* SidebarViewController.h */ = {isa = PBXFileReference; fileEncoding = 4; lastKnownFileType = sourcecode.c.h; path = SidebarViewController.h; sourceTree = "<group>"; };
		07D89A9F18C05E0800AF9192 /* SidebarViewController.m */ = {isa = PBXFileReference; fileEncoding = 4; lastKnownFileType = sourcecode.c.objc; path = SidebarViewController.m; sourceTree = "<group>"; };
		07E8667E18C4EE6800EA309B /* CLLocationViewController.h */ = {isa = PBXFileReference; fileEncoding = 4; lastKnownFileType = sourcecode.c.h; path = CLLocationViewController.h; sourceTree = "<group>"; };
		07E8667F18C4EE6800EA309B /* CLLocationViewController.m */ = {isa = PBXFileReference; fileEncoding = 4; lastKnownFileType = sourcecode.c.objc; path = CLLocationViewController.m; sourceTree = "<group>"; };
		07E8668118C4EE7100EA309B /* MetricsViewController.h */ = {isa = PBXFileReference; fileEncoding = 4; lastKnownFileType = sourcecode.c.h; path = MetricsViewController.h; sourceTree = "<group>"; };
		07E8668218C4EE7100EA309B /* MetricsViewController.m */ = {isa = PBXFileReference; fileEncoding = 4; lastKnownFileType = sourcecode.c.objc; path = MetricsViewController.m; sourceTree = "<group>"; };
		07E8668418C4F60700EA309B /* Auburn__Alabama.gpx */ = {isa = PBXFileReference; fileEncoding = 4; lastKnownFileType = text.xml; path = Auburn__Alabama.gpx; sourceTree = "<group>"; };
		07F4839518C067B2004ED369 /* menu.png */ = {isa = PBXFileReference; lastKnownFileType = image.png; path = menu.png; sourceTree = "<group>"; };
		07F4839618C067B2004ED369 /* menu@2x.png */ = {isa = PBXFileReference; lastKnownFileType = image.png; path = "menu@2x.png"; sourceTree = "<group>"; };
		07F4839918C067E3004ED369 /* MapKit.framework */ = {isa = PBXFileReference; lastKnownFileType = wrapper.framework; name = MapKit.framework; path = System/Library/Frameworks/MapKit.framework; sourceTree = SDKROOT; };
		07F4839B18C067EA004ED369 /* CoreLocation.framework */ = {isa = PBXFileReference; lastKnownFileType = wrapper.framework; name = CoreLocation.framework; path = System/Library/Frameworks/CoreLocation.framework; sourceTree = SDKROOT; };
		07FD5E6118C0F9FA008D6EEB /* RoutesViewController.h */ = {isa = PBXFileReference; fileEncoding = 4; lastKnownFileType = sourcecode.c.h; path = RoutesViewController.h; sourceTree = "<group>"; };
		07FD5E6218C0F9FA008D6EEB /* RoutesViewController.m */ = {isa = PBXFileReference; fileEncoding = 4; lastKnownFileType = sourcecode.c.objc; path = RoutesViewController.m; sourceTree = "<group>"; };
		3A950A30C6324FE6923C0893 /* libPods.a */ = {isa = PBXFileReference; explicitFileType = archive.ar; includeInIndex = 0; path = libPods.a; sourceTree = BUILT_PRODUCTS_DIR; };
		C4C6A231E3F74CA8B58D9E92 /* Pods.xcconfig */ = {isa = PBXFileReference; includeInIndex = 1; lastKnownFileType = text.xcconfig; name = Pods.xcconfig; path = Pods/Pods.xcconfig; sourceTree = "<group>"; };
/* End PBXFileReference section */

/* Begin PBXFrameworksBuildPhase section */
		07D89A5B18C05BBD00AF9192 /* Frameworks */ = {
			isa = PBXFrameworksBuildPhase;
			buildActionMask = 2147483647;
			files = (
				0778DC6218E7827500E8B2F9 /* GPX.framework in Frameworks */,
				0707547C18C3F3AD007174C2 /* MessageUI.framework in Frameworks */,
				07F4839C18C067EA004ED369 /* CoreLocation.framework in Frameworks */,
				07F4839A18C067E3004ED369 /* MapKit.framework in Frameworks */,
				07D89A6418C05BBD00AF9192 /* CoreGraphics.framework in Frameworks */,
				07D89A6618C05BBD00AF9192 /* UIKit.framework in Frameworks */,
				07D89A6218C05BBD00AF9192 /* Foundation.framework in Frameworks */,
				CEA4315328DF4AD2880F5AA5 /* libPods.a in Frameworks */,
			);
			runOnlyForDeploymentPostprocessing = 0;
		};
		07D89A7F18C05BBD00AF9192 /* Frameworks */ = {
			isa = PBXFrameworksBuildPhase;
			buildActionMask = 2147483647;
			files = (
				07D89A8418C05BBD00AF9192 /* XCTest.framework in Frameworks */,
				07D89A8618C05BBD00AF9192 /* UIKit.framework in Frameworks */,
				07D89A8518C05BBD00AF9192 /* Foundation.framework in Frameworks */,
			);
			runOnlyForDeploymentPostprocessing = 0;
		};
/* End PBXFrameworksBuildPhase section */

/* Begin PBXGroup section */
		07A4210A18C62380007B3D09 /* Views */ = {
			isa = PBXGroup;
			children = (
				07D89A9B18C05E0800AF9192 /* MainStoryboard.storyboard */,
			);
			name = Views;
			sourceTree = "<group>";
		};
		07C9F64418C199C50060BAE3 /* Controllers */ = {
			isa = PBXGroup;
			children = (
				01B6867218E7836000DBF156 /* AddIntervalViewController.h */,
				01B6867318E7836000DBF156 /* AddIntervalViewController.m */,
				01B6866F18E7834000DBF156 /* CreateIntervalViewController.h */,
				01B6867018E7834000DBF156 /* CreateIntervalViewController.m */,
				014642C418E777FC00BD4DEF /* NameIntervalViewController.h */,
				014642C518E777FC00BD4DEF /* NameIntervalViewController.m */,
				076844AA18E76C0100465489 /* RoutesDetailTableViewController.h */,
				076844AB18E76C0100465489 /* RoutesDetailTableViewController.m */,
				01DF5BBF18E769EF007EFD2F /* CommonLibrary.h */,
				01DF5BC018E769EF007EFD2F /* CommonLibrary.m */,
				01DF5BB618E76894007EFD2F /* History.h */,
				01DF5BB718E76894007EFD2F /* History.m */,
				01DF5BB818E76894007EFD2F /* Interval.h */,
				01DF5BB918E76894007EFD2F /* Interval.m */,
				01DF5BBA18E76894007EFD2F /* Timer.h */,
				01DF5BBB18E76894007EFD2F /* Timer.m */,
				07D89A9C18C05E0800AF9192 /* MainViewController.h */,
				07D89A9D18C05E0800AF9192 /* MainViewController.m */,
				07D89A9E18C05E0800AF9192 /* SidebarViewController.h */,
				07D89A9F18C05E0800AF9192 /* SidebarViewController.m */,
				071DA82918C6E238001CDBA4 /* IntervalViewController.h */,
				071DA82A18C6E238001CDBA4 /* IntervalViewController.m */,
				07FD5E6118C0F9FA008D6EEB /* RoutesViewController.h */,
				07FD5E6218C0F9FA008D6EEB /* RoutesViewController.m */,
				0707547618C2AF1A007174C2 /* LocationViewController.h */,
				0707547718C2AF1A007174C2 /* LocationViewController.m */,
				07E8667E18C4EE6800EA309B /* CLLocationViewController.h */,
				07E8667F18C4EE6800EA309B /* CLLocationViewController.m */,
				07E8668118C4EE7100EA309B /* MetricsViewController.h */,
				07E8668218C4EE7100EA309B /* MetricsViewController.m */,
				01CCD9FC18E8DA1A009B841F /* LoadIntervalTableViewController.h */,
				01CCD9FD18E8DA1A009B841F /* LoadIntervalTableViewController.m */,
			);
			name = Controllers;
			sourceTree = "<group>";
		};
		07C9F64518C199E00060BAE3 /* Models */ = {
			isa = PBXGroup;
			children = (
				07C9F64618C19A350060BAE3 /* Route.h */,
				07C9F64718C19A350060BAE3 /* Route.m */,
			);
			name = Models;
			sourceTree = "<group>";
		};
		07D89A5518C05BBD00AF9192 = {
			isa = PBXGroup;
			children = (
				07D89A6718C05BBD00AF9192 /* BikeAssistant */,
				07D89A8918C05BBD00AF9192 /* BikeAssistantTests */,
				07D89A6018C05BBD00AF9192 /* Frameworks */,
				07D89A5F18C05BBD00AF9192 /* Products */,
				C4C6A231E3F74CA8B58D9E92 /* Pods.xcconfig */,
			);
			sourceTree = "<group>";
		};
		07D89A5F18C05BBD00AF9192 /* Products */ = {
			isa = PBXGroup;
			children = (
				07D89A5E18C05BBD00AF9192 /* BikeAssistant.app */,
				07D89A8218C05BBD00AF9192 /* BikeAssistantTests.xctest */,
			);
			name = Products;
			sourceTree = "<group>";
		};
		07D89A6018C05BBD00AF9192 /* Frameworks */ = {
			isa = PBXGroup;
			children = (
				0778DC6118E7827500E8B2F9 /* GPX.framework */,
				0707547B18C3F3AD007174C2 /* MessageUI.framework */,
				07F4839B18C067EA004ED369 /* CoreLocation.framework */,
				07F4839918C067E3004ED369 /* MapKit.framework */,
				07D89A6118C05BBD00AF9192 /* Foundation.framework */,
				07D89A6318C05BBD00AF9192 /* CoreGraphics.framework */,
				07D89A6518C05BBD00AF9192 /* UIKit.framework */,
				07D89A8318C05BBD00AF9192 /* XCTest.framework */,
				3A950A30C6324FE6923C0893 /* libPods.a */,
			);
			name = Frameworks;
			sourceTree = "<group>";
		};
		07D89A6718C05BBD00AF9192 /* BikeAssistant */ = {
			isa = PBXGroup;
			children = (
				07C9F64518C199E00060BAE3 /* Models */,
				07A4210A18C62380007B3D09 /* Views */,
				07C9F64418C199C50060BAE3 /* Controllers */,
				07D89A9918C05E0800AF9192 /* AppDelegate.h */,
				07D89A9A18C05E0800AF9192 /* AppDelegate.m */,
				07D89A7C18C05BBD00AF9192 /* Images.xcassets */,
				07D89A6818C05BBD00AF9192 /* Supporting Files */,
			);
			path = BikeAssistant;
			sourceTree = "<group>";
		};
		07D89A6818C05BBD00AF9192 /* Supporting Files */ = {
			isa = PBXGroup;
			children = (
				07E8668418C4F60700EA309B /* Auburn__Alabama.gpx */,
				0707547918C30C88007174C2 /* fells_loop.gpx */,
				07F4839518C067B2004ED369 /* menu.png */,
				07F4839618C067B2004ED369 /* menu@2x.png */,
				07D89A6918C05BBD00AF9192 /* BikeAssistant-Info.plist */,
				07D89A6A18C05BBD00AF9192 /* InfoPlist.strings */,
				07D89A6D18C05BBD00AF9192 /* main.m */,
				07D89A6F18C05BBD00AF9192 /* BikeAssistant-Prefix.pch */,
				0707547D18C3FF93007174C2 /* Settings.bundle */,
			);
			name = "Supporting Files";
			sourceTree = "<group>";
		};
		07D89A8918C05BBD00AF9192 /* BikeAssistantTests */ = {
			isa = PBXGroup;
			children = (
				07D89A8F18C05BBD00AF9192 /* BikeAssistantTests.m */,
				07D89A8A18C05BBD00AF9192 /* Supporting Files */,
			);
			path = BikeAssistantTests;
			sourceTree = "<group>";
		};
		07D89A8A18C05BBD00AF9192 /* Supporting Files */ = {
			isa = PBXGroup;
			children = (
				07D89A8B18C05BBD00AF9192 /* BikeAssistantTests-Info.plist */,
				07D89A8C18C05BBD00AF9192 /* InfoPlist.strings */,
			);
			name = "Supporting Files";
			sourceTree = "<group>";
		};
/* End PBXGroup section */

/* Begin PBXNativeTarget section */
		07D89A5D18C05BBD00AF9192 /* BikeAssistant */ = {
			isa = PBXNativeTarget;
			buildConfigurationList = 07D89A9318C05BBD00AF9192 /* Build configuration list for PBXNativeTarget "BikeAssistant" */;
			buildPhases = (
				46ABEC3BBC0A4F30A4607CA1 /* Check Pods Manifest.lock */,
				07D89A5A18C05BBD00AF9192 /* Sources */,
				07D89A5B18C05BBD00AF9192 /* Frameworks */,
				07D89A5C18C05BBD00AF9192 /* Resources */,
				285C3DD9E80F4F779757C266 /* Copy Pods Resources */,
			);
			buildRules = (
			);
			dependencies = (
			);
			name = BikeAssistant;
			productName = BikeAssistant;
			productReference = 07D89A5E18C05BBD00AF9192 /* BikeAssistant.app */;
			productType = "com.apple.product-type.application";
		};
		07D89A8118C05BBD00AF9192 /* BikeAssistantTests */ = {
			isa = PBXNativeTarget;
			buildConfigurationList = 07D89A9618C05BBD00AF9192 /* Build configuration list for PBXNativeTarget "BikeAssistantTests" */;
			buildPhases = (
				07D89A7E18C05BBD00AF9192 /* Sources */,
				07D89A7F18C05BBD00AF9192 /* Frameworks */,
				07D89A8018C05BBD00AF9192 /* Resources */,
			);
			buildRules = (
			);
			dependencies = (
				07D89A8818C05BBD00AF9192 /* PBXTargetDependency */,
			);
			name = BikeAssistantTests;
			productName = BikeAssistantTests;
			productReference = 07D89A8218C05BBD00AF9192 /* BikeAssistantTests.xctest */;
			productType = "com.apple.product-type.bundle.unit-test";
		};
/* End PBXNativeTarget section */

/* Begin PBXProject section */
		07D89A5618C05BBD00AF9192 /* Project object */ = {
			isa = PBXProject;
			attributes = {
				LastUpgradeCheck = 0510;
				ORGANIZATIONNAME = "Devan Buggay";
				TargetAttributes = {
					07D89A8118C05BBD00AF9192 = {
						TestTargetID = 07D89A5D18C05BBD00AF9192;
					};
				};
			};
			buildConfigurationList = 07D89A5918C05BBD00AF9192 /* Build configuration list for PBXProject "BikeAssistant" */;
			compatibilityVersion = "Xcode 3.2";
			developmentRegion = English;
			hasScannedForEncodings = 0;
			knownRegions = (
				en,
				Base,
			);
			mainGroup = 07D89A5518C05BBD00AF9192;
			productRefGroup = 07D89A5F18C05BBD00AF9192 /* Products */;
			projectDirPath = "";
			projectRoot = "";
			targets = (
				07D89A5D18C05BBD00AF9192 /* BikeAssistant */,
				07D89A8118C05BBD00AF9192 /* BikeAssistantTests */,
			);
		};
/* End PBXProject section */

/* Begin PBXResourcesBuildPhase section */
		07D89A5C18C05BBD00AF9192 /* Resources */ = {
			isa = PBXResourcesBuildPhase;
			buildActionMask = 2147483647;
			files = (
				0707547A18C30C88007174C2 /* fells_loop.gpx in Resources */,
				07F4839718C067B2004ED369 /* menu.png in Resources */,
				07E8668518C4F60700EA309B /* Auburn__Alabama.gpx in Resources */,
				07D89AA518C05E0800AF9192 /* MainStoryboard.storyboard in Resources */,
				07F4839818C067B2004ED369 /* menu@2x.png in Resources */,
				07D89A7D18C05BBD00AF9192 /* Images.xcassets in Resources */,
				07D89A6C18C05BBD00AF9192 /* InfoPlist.strings in Resources */,
				0707547E18C3FF93007174C2 /* Settings.bundle in Resources */,
			);
			runOnlyForDeploymentPostprocessing = 0;
		};
		07D89A8018C05BBD00AF9192 /* Resources */ = {
			isa = PBXResourcesBuildPhase;
			buildActionMask = 2147483647;
			files = (
				07D89A8E18C05BBD00AF9192 /* InfoPlist.strings in Resources */,
			);
			runOnlyForDeploymentPostprocessing = 0;
		};
/* End PBXResourcesBuildPhase section */

/* Begin PBXShellScriptBuildPhase section */
		285C3DD9E80F4F779757C266 /* Copy Pods Resources */ = {
			isa = PBXShellScriptBuildPhase;
			buildActionMask = 2147483647;
			files = (
			);
			inputPaths = (
			);
			name = "Copy Pods Resources";
			outputPaths = (
			);
			runOnlyForDeploymentPostprocessing = 0;
			shellPath = /bin/sh;
			shellScript = "\"${SRCROOT}/Pods/Pods-resources.sh\"\n";
			showEnvVarsInLog = 0;
		};
		46ABEC3BBC0A4F30A4607CA1 /* Check Pods Manifest.lock */ = {
			isa = PBXShellScriptBuildPhase;
			buildActionMask = 2147483647;
			files = (
			);
			inputPaths = (
			);
			name = "Check Pods Manifest.lock";
			outputPaths = (
			);
			runOnlyForDeploymentPostprocessing = 0;
			shellPath = /bin/sh;
			shellScript = "diff \"${PODS_ROOT}/../Podfile.lock\" \"${PODS_ROOT}/Manifest.lock\" > /dev/null\nif [[ $? != 0 ]] ; then\n    cat << EOM\nerror: The sandbox is not in sync with the Podfile.lock. Run 'pod install' or update your CocoaPods installation.\nEOM\n    exit 1\nfi\n";
			showEnvVarsInLog = 0;
		};
/* End PBXShellScriptBuildPhase section */

/* Begin PBXSourcesBuildPhase section */
		07D89A5A18C05BBD00AF9192 /* Sources */ = {
			isa = PBXSourcesBuildPhase;
			buildActionMask = 2147483647;
			files = (
				01B6867118E7834000DBF156 /* CreateIntervalViewController.m in Sources */,
				07D89AA418C05E0800AF9192 /* AppDelegate.m in Sources */,
				071DA82B18C6E238001CDBA4 /* IntervalViewController.m in Sources */,
				01DF5BBD18E76894007EFD2F /* Interval.m in Sources */,
				01CCD9FE18E8DA1A009B841F /* LoadIntervalTableViewController.m in Sources */,
				07D89AA618C05E0800AF9192 /* MainViewController.m in Sources */,
				01DF5BC118E769EF007EFD2F /* CommonLibrary.m in Sources */,
				0707547818C2AF1A007174C2 /* LocationViewController.m in Sources */,
				01B6867418E7836000DBF156 /* AddIntervalViewController.m in Sources */,
				07FD5E6318C0F9FA008D6EEB /* RoutesViewController.m in Sources */,
				01DF5BBC18E76894007EFD2F /* History.m in Sources */,
				07E8668018C4EE6800EA309B /* CLLocationViewController.m in Sources */,
				07E8668318C4EE7100EA309B /* MetricsViewController.m in Sources */,
				07D89A6E18C05BBD00AF9192 /* main.m in Sources */,
				07D89AA718C05E0800AF9192 /* SidebarViewController.m in Sources */,
				014642C618E777FC00BD4DEF /* NameIntervalViewController.m in Sources */,
				07C9F64818C19A350060BAE3 /* Route.m in Sources */,
				076844AC18E76C0100465489 /* RoutesDetailTableViewController.m in Sources */,
				01DF5BBE18E76894007EFD2F /* Timer.m in Sources */,
			);
			runOnlyForDeploymentPostprocessing = 0;
		};
		07D89A7E18C05BBD00AF9192 /* Sources */ = {
			isa = PBXSourcesBuildPhase;
			buildActionMask = 2147483647;
			files = (
				07D89A9018C05BBD00AF9192 /* BikeAssistantTests.m in Sources */,
			);
			runOnlyForDeploymentPostprocessing = 0;
		};
/* End PBXSourcesBuildPhase section */

/* Begin PBXTargetDependency section */
		07D89A8818C05BBD00AF9192 /* PBXTargetDependency */ = {
			isa = PBXTargetDependency;
			target = 07D89A5D18C05BBD00AF9192 /* BikeAssistant */;
			targetProxy = 07D89A8718C05BBD00AF9192 /* PBXContainerItemProxy */;
		};
/* End PBXTargetDependency section */

/* Begin PBXVariantGroup section */
		07D89A6A18C05BBD00AF9192 /* InfoPlist.strings */ = {
			isa = PBXVariantGroup;
			children = (
				07D89A6B18C05BBD00AF9192 /* en */,
			);
			name = InfoPlist.strings;
			sourceTree = "<group>";
		};
		07D89A8C18C05BBD00AF9192 /* InfoPlist.strings */ = {
			isa = PBXVariantGroup;
			children = (
				07D89A8D18C05BBD00AF9192 /* en */,
			);
			name = InfoPlist.strings;
			sourceTree = "<group>";
		};
/* End PBXVariantGroup section */

/* Begin XCBuildConfiguration section */
		07D89A9118C05BBD00AF9192 /* Debug */ = {
			isa = XCBuildConfiguration;
			buildSettings = {
				ALWAYS_SEARCH_USER_PATHS = NO;
				CLANG_CXX_LANGUAGE_STANDARD = "gnu++0x";
				CLANG_CXX_LIBRARY = "libc++";
				CLANG_ENABLE_MODULES = YES;
				CLANG_ENABLE_OBJC_ARC = YES;
				CLANG_WARN_BOOL_CONVERSION = YES;
				CLANG_WARN_CONSTANT_CONVERSION = YES;
				CLANG_WARN_DIRECT_OBJC_ISA_USAGE = YES_ERROR;
				CLANG_WARN_EMPTY_BODY = YES;
				CLANG_WARN_ENUM_CONVERSION = YES;
				CLANG_WARN_INT_CONVERSION = YES;
				CLANG_WARN_OBJC_ROOT_CLASS = YES_ERROR;
				CLANG_WARN__DUPLICATE_METHOD_MATCH = YES;
				"CODE_SIGN_IDENTITY[sdk=iphoneos*]" = "iPhone Developer";
				COPY_PHASE_STRIP = NO;
				GCC_C_LANGUAGE_STANDARD = gnu99;
				GCC_DYNAMIC_NO_PIC = NO;
				GCC_OPTIMIZATION_LEVEL = 0;
				GCC_PREPROCESSOR_DEFINITIONS = (
					"DEBUG=1",
					"$(inherited)",
				);
				GCC_SYMBOLS_PRIVATE_EXTERN = NO;
				GCC_WARN_64_TO_32_BIT_CONVERSION = YES;
				GCC_WARN_ABOUT_RETURN_TYPE = YES_ERROR;
				GCC_WARN_UNDECLARED_SELECTOR = YES;
				GCC_WARN_UNINITIALIZED_AUTOS = YES;
				GCC_WARN_UNUSED_FUNCTION = YES;
				GCC_WARN_UNUSED_VARIABLE = YES;
				IPHONEOS_DEPLOYMENT_TARGET = 7.1;
				ONLY_ACTIVE_ARCH = YES;
				SDKROOT = iphoneos;
				TARGETED_DEVICE_FAMILY = "1,2";
			};
			name = Debug;
		};
		07D89A9218C05BBD00AF9192 /* Release */ = {
			isa = XCBuildConfiguration;
			buildSettings = {
				ALWAYS_SEARCH_USER_PATHS = NO;
				CLANG_CXX_LANGUAGE_STANDARD = "gnu++0x";
				CLANG_CXX_LIBRARY = "libc++";
				CLANG_ENABLE_MODULES = YES;
				CLANG_ENABLE_OBJC_ARC = YES;
				CLANG_WARN_BOOL_CONVERSION = YES;
				CLANG_WARN_CONSTANT_CONVERSION = YES;
				CLANG_WARN_DIRECT_OBJC_ISA_USAGE = YES_ERROR;
				CLANG_WARN_EMPTY_BODY = YES;
				CLANG_WARN_ENUM_CONVERSION = YES;
				CLANG_WARN_INT_CONVERSION = YES;
				CLANG_WARN_OBJC_ROOT_CLASS = YES_ERROR;
				CLANG_WARN__DUPLICATE_METHOD_MATCH = YES;
				"CODE_SIGN_IDENTITY[sdk=iphoneos*]" = "iPhone Developer";
				COPY_PHASE_STRIP = YES;
				ENABLE_NS_ASSERTIONS = NO;
				GCC_C_LANGUAGE_STANDARD = gnu99;
				GCC_WARN_64_TO_32_BIT_CONVERSION = YES;
				GCC_WARN_ABOUT_RETURN_TYPE = YES_ERROR;
				GCC_WARN_UNDECLARED_SELECTOR = YES;
				GCC_WARN_UNINITIALIZED_AUTOS = YES;
				GCC_WARN_UNUSED_FUNCTION = YES;
				GCC_WARN_UNUSED_VARIABLE = YES;
				IPHONEOS_DEPLOYMENT_TARGET = 7.1;
				SDKROOT = iphoneos;
				TARGETED_DEVICE_FAMILY = "1,2";
				VALIDATE_PRODUCT = YES;
			};
			name = Release;
		};
		07D89A9418C05BBD00AF9192 /* Debug */ = {
			isa = XCBuildConfiguration;
			baseConfigurationReference = C4C6A231E3F74CA8B58D9E92 /* Pods.xcconfig */;
			buildSettings = {
				ASSETCATALOG_COMPILER_APPICON_NAME = AppIcon;
				ASSETCATALOG_COMPILER_LAUNCHIMAGE_NAME = LaunchImage;
				FRAMEWORK_SEARCH_PATHS = (
					"$(inherited)",
					"$(PROJECT_DIR)",
				);
				GCC_PRECOMPILE_PREFIX_HEADER = YES;
				GCC_PREFIX_HEADER = "BikeAssistant/BikeAssistant-Prefix.pch";
				INFOPLIST_FILE = "BikeAssistant/BikeAssistant-Info.plist";
				IPHONEOS_DEPLOYMENT_TARGET = 7.0;
				PRODUCT_NAME = "$(TARGET_NAME)";
				VALID_ARCHS = "armv7 arm64 armv7s";
				WRAPPER_EXTENSION = app;
			};
			name = Debug;
		};
		07D89A9518C05BBD00AF9192 /* Release */ = {
			isa = XCBuildConfiguration;
			baseConfigurationReference = C4C6A231E3F74CA8B58D9E92 /* Pods.xcconfig */;
			buildSettings = {
				ASSETCATALOG_COMPILER_APPICON_NAME = AppIcon;
				ASSETCATALOG_COMPILER_LAUNCHIMAGE_NAME = LaunchImage;
				FRAMEWORK_SEARCH_PATHS = (
					"$(inherited)",
					"$(PROJECT_DIR)",
				);
				GCC_PRECOMPILE_PREFIX_HEADER = YES;
				GCC_PREFIX_HEADER = "BikeAssistant/BikeAssistant-Prefix.pch";
				INFOPLIST_FILE = "BikeAssistant/BikeAssistant-Info.plist";
				IPHONEOS_DEPLOYMENT_TARGET = 7.0;
				PRODUCT_NAME = "$(TARGET_NAME)";
				VALID_ARCHS = "armv7 arm64 armv7s";
				WRAPPER_EXTENSION = app;
			};
			name = Release;
		};
		07D89A9718C05BBD00AF9192 /* Debug */ = {
			isa = XCBuildConfiguration;
			buildSettings = {
				BUNDLE_LOADER = "$(BUILT_PRODUCTS_DIR)/BikeAssistant.app/BikeAssistant";
				FRAMEWORK_SEARCH_PATHS = (
					"$(SDKROOT)/Developer/Library/Frameworks",
					"$(inherited)",
					"$(DEVELOPER_FRAMEWORKS_DIR)",
				);
				GCC_PRECOMPILE_PREFIX_HEADER = YES;
				GCC_PREFIX_HEADER = "BikeAssistant/BikeAssistant-Prefix.pch";
				GCC_PREPROCESSOR_DEFINITIONS = (
					"DEBUG=1",
					"$(inherited)",
				);
				INFOPLIST_FILE = "BikeAssistantTests/BikeAssistantTests-Info.plist";
				PRODUCT_NAME = "$(TARGET_NAME)";
				TEST_HOST = "$(BUNDLE_LOADER)";
				WRAPPER_EXTENSION = xctest;
			};
			name = Debug;
		};
		07D89A9818C05BBD00AF9192 /* Release */ = {
			isa = XCBuildConfiguration;
			buildSettings = {
				BUNDLE_LOADER = "$(BUILT_PRODUCTS_DIR)/BikeAssistant.app/BikeAssistant";
				FRAMEWORK_SEARCH_PATHS = (
					"$(SDKROOT)/Developer/Library/Frameworks",
					"$(inherited)",
					"$(DEVELOPER_FRAMEWORKS_DIR)",
				);
				GCC_PRECOMPILE_PREFIX_HEADER = YES;
				GCC_PREFIX_HEADER = "BikeAssistant/BikeAssistant-Prefix.pch";
				INFOPLIST_FILE = "BikeAssistantTests/BikeAssistantTests-Info.plist";
				PRODUCT_NAME = "$(TARGET_NAME)";
				TEST_HOST = "$(BUNDLE_LOADER)";
				WRAPPER_EXTENSION = xctest;
			};
			name = Release;
		};
/* End XCBuildConfiguration section */

/* Begin XCConfigurationList section */
		07D89A5918C05BBD00AF9192 /* Build configuration list for PBXProject "BikeAssistant" */ = {
			isa = XCConfigurationList;
			buildConfigurations = (
				07D89A9118C05BBD00AF9192 /* Debug */,
				07D89A9218C05BBD00AF9192 /* Release */,
			);
			defaultConfigurationIsVisible = 0;
			defaultConfigurationName = Release;
		};
		07D89A9318C05BBD00AF9192 /* Build configuration list for PBXNativeTarget "BikeAssistant" */ = {
			isa = XCConfigurationList;
			buildConfigurations = (
				07D89A9418C05BBD00AF9192 /* Debug */,
				07D89A9518C05BBD00AF9192 /* Release */,
			);
			defaultConfigurationIsVisible = 0;
			defaultConfigurationName = Release;
		};
		07D89A9618C05BBD00AF9192 /* Build configuration list for PBXNativeTarget "BikeAssistantTests" */ = {
			isa = XCConfigurationList;
			buildConfigurations = (
				07D89A9718C05BBD00AF9192 /* Debug */,
				07D89A9818C05BBD00AF9192 /* Release */,
			);
			defaultConfigurationIsVisible = 0;
			defaultConfigurationName = Release;
		};
/* End XCConfigurationList section */
	};
	rootObject = 07D89A5618C05BBD00AF9192 /* Project object */;
}
